
Microsoft Visual Studio Solution File, Format Version 12.00
# Visual Studio Version 16
VisualStudioVersion = 25.0.1704.0
MinimumVisualStudioVersion = 10.0.40219.1
Project("{FAE04EC0-301F-11D3-BF4B-00C04F79EFBC}") = "Quiz-API", "Quiz-API\Quiz-API.csproj", "{BAEC4416-D598-4B5D-A56D-0ABE883F490A}"
EndProject
Project("{FAE04EC0-301F-11D3-BF4B-00C04F79EFBC}") = "ITHS.Webapi", "..\..\namnlös mapp\iths-web-api-final-example\WebApi\ITHS.Webapi.csproj", "{FA4D3F94-8F10-420A-B9CB-3F3822EAFA84}"
EndProject
Global
	GlobalSection(SolutionConfigurationPlatforms) = preSolution
		Debug|Any CPU = Debug|Any CPU
		Release|Any CPU = Release|Any CPU
	EndGlobalSection
	GlobalSection(ProjectConfigurationPlatforms) = postSolution
		{BAEC4416-D598-4B5D-A56D-0ABE883F490A}.Debug|Any CPU.ActiveCfg = Debug|Any CPU
		{BAEC4416-D598-4B5D-A56D-0ABE883F490A}.Debug|Any CPU.Build.0 = Debug|Any CPU
		{BAEC4416-D598-4B5D-A56D-0ABE883F490A}.Release|Any CPU.ActiveCfg = Release|Any CPU
		{BAEC4416-D598-4B5D-A56D-0ABE883F490A}.Release|Any CPU.Build.0 = Release|Any CPU
		{FA4D3F94-8F10-420A-B9CB-3F3822EAFA84}.Debug|Any CPU.ActiveCfg = Debug|Any CPU
		{FA4D3F94-8F10-420A-B9CB-3F3822EAFA84}.Debug|Any CPU.Build.0 = Debug|Any CPU
		{FA4D3F94-8F10-420A-B9CB-3F3822EAFA84}.Release|Any CPU.ActiveCfg = Release|Any CPU
		{FA4D3F94-8F10-420A-B9CB-3F3822EAFA84}.Release|Any CPU.Build.0 = Release|Any CPU
	EndGlobalSection
	GlobalSection(SolutionProperties) = preSolution
		HideSolutionNode = FALSE
	EndGlobalSection
	GlobalSection(ExtensibilityGlobals) = postSolution
		SolutionGuid = {BC27EC59-EA5A-4ED8-8AFD-564547647D1B}
	EndGlobalSection
EndGlobal
